
Microsoft Visual Studio Solution File, Format Version 12.00
# Visual Studio 15
VisualStudioVersion = 15.0.26124.0
MinimumVisualStudioVersion = 15.0.26124.0
Project("{FAE04EC0-301F-11D3-BF4B-00C04F79EFBC}") = "Delegates", "Delegates\Delegates.csproj", "{CE314701-5D0C-4DCC-BF4C-2014E0A15E45}"
EndProject
Project("{FAE04EC0-301F-11D3-BF4B-00C04F79EFBC}") = "CSharpConsole", "CSharpConsole\CSharpConsole.csproj", "{D855D255-7747-4C2C-A819-F83541598A8B}"
EndProject
Project("{FAE04EC0-301F-11D3-BF4B-00C04F79EFBC}") = "Generics", "Generics\Generics.csproj", "{4B19C3E5-9B74-4E93-BB4E-FD10BD2CBCA7}"
EndProject
Global
	GlobalSection(SolutionConfigurationPlatforms) = preSolution
		Debug|Any CPU = Debug|Any CPU
		Debug|x64 = Debug|x64
		Debug|x86 = Debug|x86
		Release|Any CPU = Release|Any CPU
		Release|x64 = Release|x64
		Release|x86 = Release|x86
	EndGlobalSection
	GlobalSection(SolutionProperties) = preSolution
		HideSolutionNode = FALSE
	EndGlobalSection
	GlobalSection(ProjectConfigurationPlatforms) = postSolution
		{CE314701-5D0C-4DCC-BF4C-2014E0A15E45}.Debug|Any CPU.ActiveCfg = Debug|Any CPU
		{CE314701-5D0C-4DCC-BF4C-2014E0A15E45}.Debug|Any CPU.Build.0 = Debug|Any CPU
		{CE314701-5D0C-4DCC-BF4C-2014E0A15E45}.Debug|x64.ActiveCfg = Debug|Any CPU
		{CE314701-5D0C-4DCC-BF4C-2014E0A15E45}.Debug|x64.Build.0 = Debug|Any CPU
		{CE314701-5D0C-4DCC-BF4C-2014E0A15E45}.Debug|x86.ActiveCfg = Debug|Any CPU
		{CE314701-5D0C-4DCC-BF4C-2014E0A15E45}.Debug|x86.Build.0 = Debug|Any CPU
		{CE314701-5D0C-4DCC-BF4C-2014E0A15E45}.Release|Any CPU.ActiveCfg = Release|Any CPU
		{CE314701-5D0C-4DCC-BF4C-2014E0A15E45}.Release|Any CPU.Build.0 = Release|Any CPU
		{CE314701-5D0C-4DCC-BF4C-2014E0A15E45}.Release|x64.ActiveCfg = Release|Any CPU
		{CE314701-5D0C-4DCC-BF4C-2014E0A15E45}.Release|x64.Build.0 = Release|Any CPU
		{CE314701-5D0C-4DCC-BF4C-2014E0A15E45}.Release|x86.ActiveCfg = Release|Any CPU
		{CE314701-5D0C-4DCC-BF4C-2014E0A15E45}.Release|x86.Build.0 = Release|Any CPU
		{D855D255-7747-4C2C-A819-F83541598A8B}.Debug|Any CPU.ActiveCfg = Debug|Any CPU
		{D855D255-7747-4C2C-A819-F83541598A8B}.Debug|Any CPU.Build.0 = Debug|Any CPU
		{D855D255-7747-4C2C-A819-F83541598A8B}.Debug|x64.ActiveCfg = Debug|Any CPU
		{D855D255-7747-4C2C-A819-F83541598A8B}.Debug|x64.Build.0 = Debug|Any CPU
		{D855D255-7747-4C2C-A819-F83541598A8B}.Debug|x86.ActiveCfg = Debug|Any CPU
		{D855D255-7747-4C2C-A819-F83541598A8B}.Debug|x86.Build.0 = Debug|Any CPU
		{D855D255-7747-4C2C-A819-F83541598A8B}.Release|Any CPU.ActiveCfg = Release|Any CPU
		{D855D255-7747-4C2C-A819-F83541598A8B}.Release|Any CPU.Build.0 = Release|Any CPU
		{D855D255-7747-4C2C-A819-F83541598A8B}.Release|x64.ActiveCfg = Release|Any CPU
		{D855D255-7747-4C2C-A819-F83541598A8B}.Release|x64.Build.0 = Release|Any CPU
		{D855D255-7747-4C2C-A819-F83541598A8B}.Release|x86.ActiveCfg = Release|Any CPU
		{D855D255-7747-4C2C-A819-F83541598A8B}.Release|x86.Build.0 = Release|Any CPU
		{4B19C3E5-9B74-4E93-BB4E-FD10BD2CBCA7}.Debug|Any CPU.ActiveCfg = Debug|Any CPU
		{4B19C3E5-9B74-4E93-BB4E-FD10BD2CBCA7}.Debug|Any CPU.Build.0 = Debug|Any CPU
		{4B19C3E5-9B74-4E93-BB4E-FD10BD2CBCA7}.Debug|x64.ActiveCfg = Debug|Any CPU
		{4B19C3E5-9B74-4E93-BB4E-FD10BD2CBCA7}.Debug|x64.Build.0 = Debug|Any CPU
		{4B19C3E5-9B74-4E93-BB4E-FD10BD2CBCA7}.Debug|x86.ActiveCfg = Debug|Any CPU
		{4B19C3E5-9B74-4E93-BB4E-FD10BD2CBCA7}.Debug|x86.Build.0 = Debug|Any CPU
		{4B19C3E5-9B74-4E93-BB4E-FD10BD2CBCA7}.Release|Any CPU.ActiveCfg = Release|Any CPU
		{4B19C3E5-9B74-4E93-BB4E-FD10BD2CBCA7}.Release|Any CPU.Build.0 = Release|Any CPU
		{4B19C3E5-9B74-4E93-BB4E-FD10BD2CBCA7}.Release|x64.ActiveCfg = Release|Any CPU
		{4B19C3E5-9B74-4E93-BB4E-FD10BD2CBCA7}.Release|x64.Build.0 = Release|Any CPU
		{4B19C3E5-9B74-4E93-BB4E-FD10BD2CBCA7}.Release|x86.ActiveCfg = Release|Any CPU
		{4B19C3E5-9B74-4E93-BB4E-FD10BD2CBCA7}.Release|x86.Build.0 = Release|Any CPU
	EndGlobalSection
EndGlobal
